
Microsoft Visual Studio Solution File, Format Version 12.00
# Visual Studio Version 16
VisualStudioVersion = 16.0.30309.148
MinimumVisualStudioVersion = 10.0.40219.1
Project("{FAE04EC0-301F-11D3-BF4B-00C04F79EFBC}") = "CovidApp.Android", "CovidApp\CovidApp.Android\CovidApp.Android.csproj", "{09126911-86DC-4364-89E4-1905B994355F}"
EndProject
Project("{FAE04EC0-301F-11D3-BF4B-00C04F79EFBC}") = "CovidApp.iOS", "CovidApp\CovidApp.iOS\CovidApp.iOS.csproj", "{D3433AB4-D273-48D2-B9D1-4A744BA444FA}"
EndProject
Project("{FAE04EC0-301F-11D3-BF4B-00C04F79EFBC}") = "CovidApp", "CovidApp\CovidApp\CovidApp.csproj", "{32369F0B-12E1-4B47-8321-56D0698E7A21}"
EndProject
Global
	GlobalSection(SolutionConfigurationPlatforms) = preSolution
		Debug|Any CPU = Debug|Any CPU
		Debug|iPhone = Debug|iPhone
		Debug|iPhoneSimulator = Debug|iPhoneSimulator
		Release|Any CPU = Release|Any CPU
		Release|iPhone = Release|iPhone
		Release|iPhoneSimulator = Release|iPhoneSimulator
	EndGlobalSection
	GlobalSection(ProjectConfigurationPlatforms) = postSolution
		{09126911-86DC-4364-89E4-1905B994355F}.Debug|Any CPU.ActiveCfg = Debug|Any CPU
		{09126911-86DC-4364-89E4-1905B994355F}.Debug|Any CPU.Build.0 = Debug|Any CPU
		{09126911-86DC-4364-89E4-1905B994355F}.Debug|Any CPU.Deploy.0 = Debug|Any CPU
		{09126911-86DC-4364-89E4-1905B994355F}.Debug|iPhone.ActiveCfg = Debug|Any CPU
		{09126911-86DC-4364-89E4-1905B994355F}.Debug|iPhone.Build.0 = Debug|Any CPU
		{09126911-86DC-4364-89E4-1905B994355F}.Debug|iPhone.Deploy.0 = Debug|Any CPU
		{09126911-86DC-4364-89E4-1905B994355F}.Debug|iPhoneSimulator.ActiveCfg = Debug|Any CPU
		{09126911-86DC-4364-89E4-1905B994355F}.Debug|iPhoneSimulator.Build.0 = Debug|Any CPU
		{09126911-86DC-4364-89E4-1905B994355F}.Debug|iPhoneSimulator.Deploy.0 = Debug|Any CPU
		{09126911-86DC-4364-89E4-1905B994355F}.Release|Any CPU.ActiveCfg = Release|Any CPU
		{09126911-86DC-4364-89E4-1905B994355F}.Release|Any CPU.Build.0 = Release|Any CPU
		{09126911-86DC-4364-89E4-1905B994355F}.Release|Any CPU.Deploy.0 = Release|Any CPU
		{09126911-86DC-4364-89E4-1905B994355F}.Release|iPhone.ActiveCfg = Release|Any CPU
		{09126911-86DC-4364-89E4-1905B994355F}.Release|iPhone.Build.0 = Release|Any CPU
		{09126911-86DC-4364-89E4-1905B994355F}.Release|iPhone.Deploy.0 = Release|Any CPU
		{09126911-86DC-4364-89E4-1905B994355F}.Release|iPhoneSimulator.ActiveCfg = Release|Any CPU
		{09126911-86DC-4364-89E4-1905B994355F}.Release|iPhoneSimulator.Build.0 = Release|Any CPU
		{09126911-86DC-4364-89E4-1905B994355F}.Release|iPhoneSimulator.Deploy.0 = Release|Any CPU
		{D3433AB4-D273-48D2-B9D1-4A744BA444FA}.Debug|Any CPU.ActiveCfg = Debug|iPhone
		{D3433AB4-D273-48D2-B9D1-4A744BA444FA}.Debug|Any CPU.Build.0 = Debug|iPhone
		{D3433AB4-D273-48D2-B9D1-4A744BA444FA}.Debug|Any CPU.Deploy.0 = Debug|iPhone
		{D3433AB4-D273-48D2-B9D1-4A744BA444FA}.Debug|iPhone.ActiveCfg = Debug|iPhone
		{D3433AB4-D273-48D2-B9D1-4A744BA444FA}.Debug|iPhone.Build.0 = Debug|iPhone
		{D3433AB4-D273-48D2-B9D1-4A744BA444FA}.Debug|iPhone.Deploy.0 = Debug|iPhone
		{D3433AB4-D273-48D2-B9D1-4A744BA444FA}.Debug|iPhoneSimulator.ActiveCfg = Debug|iPhoneSimulator
		{D3433AB4-D273-48D2-B9D1-4A744BA444FA}.Debug|iPhoneSimulator.Build.0 = Debug|iPhoneSimulator
		{D3433AB4-D273-48D2-B9D1-4A744BA444FA}.Debug|iPhoneSimulator.Deploy.0 = Debug|iPhoneSimulator
		{D3433AB4-D273-48D2-B9D1-4A744BA444FA}.Release|Any CPU.ActiveCfg = Release|iPhone
		{D3433AB4-D273-48D2-B9D1-4A744BA444FA}.Release|Any CPU.Build.0 = Release|iPhone
		{D3433AB4-D273-48D2-B9D1-4A744BA444FA}.Release|Any CPU.Deploy.0 = Release|iPhone
		{D3433AB4-D273-48D2-B9D1-4A744BA444FA}.Release|iPhone.ActiveCfg = Release|iPhone
		{D3433AB4-D273-48D2-B9D1-4A744BA444FA}.Release|iPhone.Build.0 = Release|iPhone
		{D3433AB4-D273-48D2-B9D1-4A744BA444FA}.Release|iPhone.Deploy.0 = Release|iPhone
		{D3433AB4-D273-48D2-B9D1-4A744BA444FA}.Release|iPhoneSimulator.ActiveCfg = Release|iPhoneSimulator
		{D3433AB4-D273-48D2-B9D1-4A744BA444FA}.Release|iPhoneSimulator.Build.0 = Release|iPhoneSimulator
		{D3433AB4-D273-48D2-B9D1-4A744BA444FA}.Release|iPhoneSimulator.Deploy.0 = Release|iPhoneSimulator
		{32369F0B-12E1-4B47-8321-56D0698E7A21}.Debug|Any CPU.ActiveCfg = Debug|Any CPU
		{32369F0B-12E1-4B47-8321-56D0698E7A21}.Debug|Any CPU.Build.0 = Debug|Any CPU
		{32369F0B-12E1-4B47-8321-56D0698E7A21}.Debug|Any CPU.Deploy.0 = Debug|Any CPU
		{32369F0B-12E1-4B47-8321-56D0698E7A21}.Debug|iPhone.ActiveCfg = Debug|Any CPU
		{32369F0B-12E1-4B47-8321-56D0698E7A21}.Debug|iPhone.Build.0 = Debug|Any CPU
		{32369F0B-12E1-4B47-8321-56D0698E7A21}.Debug|iPhone.Deploy.0 = Debug|Any CPU
		{32369F0B-12E1-4B47-8321-56D0698E7A21}.Debug|iPhoneSimulator.ActiveCfg = Debug|Any CPU
		{32369F0B-12E1-4B47-8321-56D0698E7A21}.Debug|iPhoneSimulator.Build.0 = Debug|Any CPU
		{32369F0B-12E1-4B47-8321-56D0698E7A21}.Debug|iPhoneSimulator.Deploy.0 = Debug|Any CPU
		{32369F0B-12E1-4B47-8321-56D0698E7A21}.Release|Any CPU.ActiveCfg = Release|Any CPU
		{32369F0B-12E1-4B47-8321-56D0698E7A21}.Release|Any CPU.Build.0 = Release|Any CPU
		{32369F0B-12E1-4B47-8321-56D0698E7A21}.Release|Any CPU.Deploy.0 = Release|Any CPU
		{32369F0B-12E1-4B47-8321-56D0698E7A21}.Release|iPhone.ActiveCfg = Release|Any CPU
		{32369F0B-12E1-4B47-8321-56D0698E7A21}.Release|iPhone.Build.0 = Release|Any CPU
		{32369F0B-12E1-4B47-8321-56D0698E7A21}.Release|iPhone.Deploy.0 = Release|Any CPU
		{32369F0B-12E1-4B47-8321-56D0698E7A21}.Release|iPhoneSimulator.ActiveCfg = Release|Any CPU
		{32369F0B-12E1-4B47-8321-56D0698E7A21}.Release|iPhoneSimulator.Build.0 = Release|Any CPU
		{32369F0B-12E1-4B47-8321-56D0698E7A21}.Release|iPhoneSimulator.Deploy.0 = Release|Any CPU
	EndGlobalSection
	GlobalSection(SolutionProperties) = preSolution
		HideSolutionNode = FALSE
	EndGlobalSection
	GlobalSection(ExtensibilityGlobals) = postSolution
		SolutionGuid = {5EFDB2B7-596B-44B2-832B-B5FF3A7073C3}
	EndGlobalSection
EndGlobal
